
Microsoft Visual Studio Solution File, Format Version 12.00
# Visual Studio Version 17
VisualStudioVersion = 17.8.34525.116
MinimumVisualStudioVersion = 10.0.40219.1
Project("{9A19103F-16F7-4668-BE54-9A1E7A4F7556}") = "InventoryBeginner", "InventoryBeginner\InventoryBeginner.csproj", "{FC274E27-16A1-49B9-B05E-B4B2D0E790D3}"
EndProject
Project("{FAE04EC0-301F-11D3-BF4B-00C04F79EFBC}") = "Tools", "Tools\Tools.csproj", "{7185C54E-D3F2-473E-9B87-8A7BCFDDE588}"
EndProject
Global
	GlobalSection(SolutionConfigurationPlatforms) = preSolution
		Debug|Any CPU = Debug|Any CPU
		Release|Any CPU = Release|Any CPU
	EndGlobalSection
	GlobalSection(ProjectConfigurationPlatforms) = postSolution
		{FC274E27-16A1-49B9-B05E-B4B2D0E790D3}.Debug|Any CPU.ActiveCfg = Debug|Any CPU
		{FC274E27-16A1-49B9-B05E-B4B2D0E790D3}.Debug|Any CPU.Build.0 = Debug|Any CPU
		{FC274E27-16A1-49B9-B05E-B4B2D0E790D3}.Release|Any CPU.ActiveCfg = Release|Any CPU
		{FC274E27-16A1-49B9-B05E-B4B2D0E790D3}.Release|Any CPU.Build.0 = Release|Any CPU
		{7185C54E-D3F2-473E-9B87-8A7BCFDDE588}.Debug|Any CPU.ActiveCfg = Debug|Any CPU
		{7185C54E-D3F2-473E-9B87-8A7BCFDDE588}.Debug|Any CPU.Build.0 = Debug|Any CPU
		{7185C54E-D3F2-473E-9B87-8A7BCFDDE588}.Release|Any CPU.ActiveCfg = Release|Any CPU
		{7185C54E-D3F2-473E-9B87-8A7BCFDDE588}.Release|Any CPU.Build.0 = Release|Any CPU
	EndGlobalSection
	GlobalSection(SolutionProperties) = preSolution
		HideSolutionNode = FALSE
	EndGlobalSection
	GlobalSection(ExtensibilityGlobals) = postSolution
		SolutionGuid = {A63E783C-493E-4D6D-B563-2C2E70C81CA8}
	EndGlobalSection
EndGlobal
